
Microsoft Visual Studio Solution File, Format Version 12.00
# Visual Studio Version 17
VisualStudioVersion = 17.7.34031.279
MinimumVisualStudioVersion = 10.0.40219.1
Project("{FAE04EC0-301F-11D3-BF4B-00C04F79EFBC}") = "RectangleAreaCalulator", "RectangleAreaCalulator.csproj", "{68D86C59-9FD3-4A54-9053-FA69686F253E}"
EndProject
Global
	GlobalSection(SolutionConfigurationPlatforms) = preSolution
		Debug|Any CPU = Debug|Any CPU
		Release|Any CPU = Release|Any CPU
	EndGlobalSection
	GlobalSection(ProjectConfigurationPlatforms) = postSolution
		{68D86C59-9FD3-4A54-9053-FA69686F253E}.Debug|Any CPU.ActiveCfg = Debug|Any CPU
		{68D86C59-9FD3-4A54-9053-FA69686F253E}.Debug|Any CPU.Build.0 = Debug|Any CPU
		{68D86C59-9FD3-4A54-9053-FA69686F253E}.Release|Any CPU.ActiveCfg = Release|Any CPU
		{68D86C59-9FD3-4A54-9053-FA69686F253E}.Release|Any CPU.Build.0 = Release|Any CPU
	EndGlobalSection
	GlobalSection(SolutionProperties) = preSolution
		HideSolutionNode = FALSE
	EndGlobalSection
	GlobalSection(ExtensibilityGlobals) = postSolution
		SolutionGuid = {E9EC0D30-06CC-4B19-9DE0-E63237A99EBF}
	EndGlobalSection
EndGlobal
